
Microsoft Visual Studio Solution File, Format Version 12.00
# Visual Studio Version 17
VisualStudioVersion = 17.9.34701.34
MinimumVisualStudioVersion = 10.0.40219.1
Project("{2150E333-8FDC-42A3-9474-1A3956D46DE8}") = "MusicStore", "MusicStore", "{6AE43DE9-6398-467E-A8AD-587D9298484C}"
EndProject
Project("{FAE04EC0-301F-11D3-BF4B-00C04F79EFBC}") = "MusicStore.Web", "MusicStore.Web\MusicStore.Web.csproj", "{47CFE5E2-1FAB-4051-B07D-68D3B0B1BD28}"
EndProject
Global
	GlobalSection(SolutionConfigurationPlatforms) = preSolution
		Debug|Any CPU = Debug|Any CPU
		Release|Any CPU = Release|Any CPU
	EndGlobalSection
	GlobalSection(ProjectConfigurationPlatforms) = postSolution
		{47CFE5E2-1FAB-4051-B07D-68D3B0B1BD28}.Debug|Any CPU.ActiveCfg = Debug|Any CPU
		{47CFE5E2-1FAB-4051-B07D-68D3B0B1BD28}.Debug|Any CPU.Build.0 = Debug|Any CPU
		{47CFE5E2-1FAB-4051-B07D-68D3B0B1BD28}.Release|Any CPU.ActiveCfg = Release|Any CPU
		{47CFE5E2-1FAB-4051-B07D-68D3B0B1BD28}.Release|Any CPU.Build.0 = Release|Any CPU
	EndGlobalSection
	GlobalSection(SolutionProperties) = preSolution
		HideSolutionNode = FALSE
	EndGlobalSection
	GlobalSection(NestedProjects) = preSolution
		{47CFE5E2-1FAB-4051-B07D-68D3B0B1BD28} = {6AE43DE9-6398-467E-A8AD-587D9298484C}
	EndGlobalSection
	GlobalSection(ExtensibilityGlobals) = postSolution
		SolutionGuid = {70552D04-60A5-4636-99F4-14D93B89E442}
	EndGlobalSection
EndGlobal
